
Microsoft Visual Studio Solution File, Format Version 12.00
# Visual Studio Version 16
VisualStudioVersion = 16.0.30225.117
MinimumVisualStudioVersion = 10.0.40219.1
Project("{9A19103F-16F7-4668-BE54-9A1E7A4F7556}") = "GoFlex.Web", "GoFlex.Web\GoFlex.Web.csproj", "{BA99F259-EB76-45FF-9598-E5D171D59B7B}"
EndProject
Project("{9A19103F-16F7-4668-BE54-9A1E7A4F7556}") = "GoFlex.Core", "GoFlex.Core\GoFlex.Core.csproj", "{00786762-2C89-442B-AA1E-4BF01D690327}"
EndProject
Project("{FAE04EC0-301F-11D3-BF4B-00C04F79EFBC}") = "GoFlex.Infrastructure", "GoFlex.Infrastructure\GoFlex.Infrastructure.csproj", "{7C315E49-E0A2-4624-93B7-929D2DD64930}"
EndProject
Global
	GlobalSection(SolutionConfigurationPlatforms) = preSolution
		Debug|Any CPU = Debug|Any CPU
		Release|Any CPU = Release|Any CPU
	EndGlobalSection
	GlobalSection(ProjectConfigurationPlatforms) = postSolution
		{BA99F259-EB76-45FF-9598-E5D171D59B7B}.Debug|Any CPU.ActiveCfg = Debug|Any CPU
		{BA99F259-EB76-45FF-9598-E5D171D59B7B}.Debug|Any CPU.Build.0 = Debug|Any CPU
		{BA99F259-EB76-45FF-9598-E5D171D59B7B}.Release|Any CPU.ActiveCfg = Release|Any CPU
		{BA99F259-EB76-45FF-9598-E5D171D59B7B}.Release|Any CPU.Build.0 = Release|Any CPU
		{00786762-2C89-442B-AA1E-4BF01D690327}.Debug|Any CPU.ActiveCfg = Debug|Any CPU
		{00786762-2C89-442B-AA1E-4BF01D690327}.Debug|Any CPU.Build.0 = Debug|Any CPU
		{00786762-2C89-442B-AA1E-4BF01D690327}.Release|Any CPU.ActiveCfg = Release|Any CPU
		{00786762-2C89-442B-AA1E-4BF01D690327}.Release|Any CPU.Build.0 = Release|Any CPU
		{7C315E49-E0A2-4624-93B7-929D2DD64930}.Debug|Any CPU.ActiveCfg = Debug|Any CPU
		{7C315E49-E0A2-4624-93B7-929D2DD64930}.Debug|Any CPU.Build.0 = Debug|Any CPU
		{7C315E49-E0A2-4624-93B7-929D2DD64930}.Release|Any CPU.ActiveCfg = Release|Any CPU
		{7C315E49-E0A2-4624-93B7-929D2DD64930}.Release|Any CPU.Build.0 = Release|Any CPU
	EndGlobalSection
	GlobalSection(SolutionProperties) = preSolution
		HideSolutionNode = FALSE
	EndGlobalSection
	GlobalSection(ExtensibilityGlobals) = postSolution
		SolutionGuid = {8FC9563C-4102-4812-8D2F-8FDC1195DF61}
	EndGlobalSection
EndGlobal
